
Microsoft Visual Studio Solution File, Format Version 12.00
# Visual Studio Version 16
VisualStudioVersion = 16.0.31424.327
MinimumVisualStudioVersion = 10.0.40219.1
Project("{FAE04EC0-301F-11D3-BF4B-00C04F79EFBC}") = "T3 Minefield Mubasshera", "T3 Minefield Mubasshera\T3 Minefield Mubasshera.csproj", "{AEC8A884-4737-459E-96EC-18E4AA6E9E4A}"
EndProject
Global
	GlobalSection(SolutionConfigurationPlatforms) = preSolution
		Debug|Any CPU = Debug|Any CPU
		Release|Any CPU = Release|Any CPU
	EndGlobalSection
	GlobalSection(ProjectConfigurationPlatforms) = postSolution
		{AEC8A884-4737-459E-96EC-18E4AA6E9E4A}.Debug|Any CPU.ActiveCfg = Debug|Any CPU
		{AEC8A884-4737-459E-96EC-18E4AA6E9E4A}.Debug|Any CPU.Build.0 = Debug|Any CPU
		{AEC8A884-4737-459E-96EC-18E4AA6E9E4A}.Release|Any CPU.ActiveCfg = Release|Any CPU
		{AEC8A884-4737-459E-96EC-18E4AA6E9E4A}.Release|Any CPU.Build.0 = Release|Any CPU
	EndGlobalSection
	GlobalSection(SolutionProperties) = preSolution
		HideSolutionNode = FALSE
	EndGlobalSection
	GlobalSection(ExtensibilityGlobals) = postSolution
		SolutionGuid = {ED48ED02-3CA1-45EE-8927-C7BCA4C99132}
	EndGlobalSection
EndGlobal
